
Microsoft Visual Studio Solution File, Format Version 12.00
# Visual Studio 15
VisualStudioVersion = 15.0.27703.2026
MinimumVisualStudioVersion = 10.0.40219.1
Project("{FAE04EC0-301F-11D3-BF4B-00C04F79EFBC}") = "海盐日出大酒店", "海盐日出大酒店.csproj", "{1928DB95-A3F3-4ED1-BDB1-C8D2707BAF06}"
EndProject
Global
	GlobalSection(SolutionConfigurationPlatforms) = preSolution
		Debug|Any CPU = Debug|Any CPU
		Release|Any CPU = Release|Any CPU
	EndGlobalSection
	GlobalSection(ProjectConfigurationPlatforms) = postSolution
		{1928DB95-A3F3-4ED1-BDB1-C8D2707BAF06}.Debug|Any CPU.ActiveCfg = Debug|Any CPU
		{1928DB95-A3F3-4ED1-BDB1-C8D2707BAF06}.Debug|Any CPU.Build.0 = Debug|Any CPU
		{1928DB95-A3F3-4ED1-BDB1-C8D2707BAF06}.Release|Any CPU.ActiveCfg = Release|Any CPU
		{1928DB95-A3F3-4ED1-BDB1-C8D2707BAF06}.Release|Any CPU.Build.0 = Release|Any CPU
	EndGlobalSection
	GlobalSection(SolutionProperties) = preSolution
		HideSolutionNode = FALSE
	EndGlobalSection
	GlobalSection(ExtensibilityGlobals) = postSolution
		SolutionGuid = {9BFEF75B-0592-48B5-B5F0-755D40EB5458}
	EndGlobalSection
EndGlobal
