
Microsoft Visual Studio Solution File, Format Version 11.00
# Visual Studio 2010
Project("{FAE04EC0-301F-11D3-BF4B-00C04F79EFBC}") = "CJP", "CJP\CJP.csproj", "{84F2E4CC-4AE9-4517-94B3-09301608F1FF}"
EndProject
Project("{FAE04EC0-301F-11D3-BF4B-00C04F79EFBC}") = "DB", "DB\DB.csproj", "{0882E5D5-C797-4316-B253-DDB6F51AF808}"
EndProject
Global
	GlobalSection(SolutionConfigurationPlatforms) = preSolution
		Debug|Any CPU = Debug|Any CPU
		Debug|x86 = Debug|x86
		Release|Any CPU = Release|Any CPU
		Release|x86 = Release|x86
	EndGlobalSection
	GlobalSection(ProjectConfigurationPlatforms) = postSolution
		{84F2E4CC-4AE9-4517-94B3-09301608F1FF}.Debug|Any CPU.ActiveCfg = Debug|Any CPU
		{84F2E4CC-4AE9-4517-94B3-09301608F1FF}.Debug|Any CPU.Build.0 = Debug|Any CPU
		{84F2E4CC-4AE9-4517-94B3-09301608F1FF}.Debug|x86.ActiveCfg = Debug|Any CPU
		{84F2E4CC-4AE9-4517-94B3-09301608F1FF}.Debug|x86.Build.0 = Debug|Any CPU
		{84F2E4CC-4AE9-4517-94B3-09301608F1FF}.Release|Any CPU.ActiveCfg = Release|Any CPU
		{84F2E4CC-4AE9-4517-94B3-09301608F1FF}.Release|Any CPU.Build.0 = Release|Any CPU
		{84F2E4CC-4AE9-4517-94B3-09301608F1FF}.Release|x86.ActiveCfg = Release|x86
		{84F2E4CC-4AE9-4517-94B3-09301608F1FF}.Release|x86.Build.0 = Release|x86
		{0882E5D5-C797-4316-B253-DDB6F51AF808}.Debug|Any CPU.ActiveCfg = Debug|Any CPU
		{0882E5D5-C797-4316-B253-DDB6F51AF808}.Debug|Any CPU.Build.0 = Debug|Any CPU
		{0882E5D5-C797-4316-B253-DDB6F51AF808}.Debug|x86.ActiveCfg = Debug|Any CPU
		{0882E5D5-C797-4316-B253-DDB6F51AF808}.Debug|x86.Build.0 = Debug|Any CPU
		{0882E5D5-C797-4316-B253-DDB6F51AF808}.Release|Any CPU.ActiveCfg = Release|Any CPU
		{0882E5D5-C797-4316-B253-DDB6F51AF808}.Release|Any CPU.Build.0 = Release|Any CPU
		{0882E5D5-C797-4316-B253-DDB6F51AF808}.Release|x86.ActiveCfg = Release|x86
		{0882E5D5-C797-4316-B253-DDB6F51AF808}.Release|x86.Build.0 = Release|x86
	EndGlobalSection
	GlobalSection(SolutionProperties) = preSolution
		HideSolutionNode = FALSE
	EndGlobalSection
EndGlobal
